
Microsoft Visual Studio Solution File, Format Version 12.00
Project("{FAE04EC0-301F-11D3-BF4B-00C04F79EFBC}") = "Kutokasta.Console", "Kutokasta.Console\Kutokasta.Console.csproj", "{13C69136-92C2-4CDE-BE56-ACEC5D488AC4}"
EndProject
Project("{FAE04EC0-301F-11D3-BF4B-00C04F79EFBC}") = "Kutokasta.Console.Tests", "Kutokasta.Console.Tests\Kutokasta.Console.Tests.csproj", "{B30485D4-4670-420B-B491-9DB6A895C0B0}"
EndProject
Global
	GlobalSection(SolutionConfigurationPlatforms) = preSolution
		Debug|Any CPU = Debug|Any CPU
		Release|Any CPU = Release|Any CPU
	EndGlobalSection
	GlobalSection(ProjectConfigurationPlatforms) = postSolution
		{13C69136-92C2-4CDE-BE56-ACEC5D488AC4}.Debug|Any CPU.ActiveCfg = Debug|Any CPU
		{13C69136-92C2-4CDE-BE56-ACEC5D488AC4}.Debug|Any CPU.Build.0 = Debug|Any CPU
		{13C69136-92C2-4CDE-BE56-ACEC5D488AC4}.Release|Any CPU.ActiveCfg = Release|Any CPU
		{13C69136-92C2-4CDE-BE56-ACEC5D488AC4}.Release|Any CPU.Build.0 = Release|Any CPU
		{B30485D4-4670-420B-B491-9DB6A895C0B0}.Debug|Any CPU.ActiveCfg = Debug|Any CPU
		{B30485D4-4670-420B-B491-9DB6A895C0B0}.Debug|Any CPU.Build.0 = Debug|Any CPU
		{B30485D4-4670-420B-B491-9DB6A895C0B0}.Release|Any CPU.ActiveCfg = Release|Any CPU
		{B30485D4-4670-420B-B491-9DB6A895C0B0}.Release|Any CPU.Build.0 = Release|Any CPU
	EndGlobalSection
EndGlobal
